// !$*UTF8*$!
{
	archiveVersion = 1;
	classes = {
	};
	objectVersion = 46;
	objects = {

/* Begin PBXBuildFile section */
		20EC3DBA930B4E60AF3909AC /* Pods_FiniteStateMachinesTests.framework in Frameworks */ = {isa = PBXBuildFile; fileRef = AE01E48A0E75C48114EF4DAE /* Pods_FiniteStateMachinesTests.framework */; };
		EE6BA6A31E6B249D004DD754 /* AppDelegate.swift in Sources */ = {isa = PBXBuildFile; fileRef = EE6BA6A21E6B249D004DD754 /* AppDelegate.swift */; };
		EE6BA6A51E6B249D004DD754 /* ViewController.swift in Sources */ = {isa = PBXBuildFile; fileRef = EE6BA6A41E6B249D004DD754 /* ViewController.swift */; };
		EE6BA6A81E6B249D004DD754 /* Main.storyboard in Resources */ = {isa = PBXBuildFile; fileRef = EE6BA6A61E6B249D004DD754 /* Main.storyboard */; };
		EE6BA6AA1E6B249D004DD754 /* Assets.xcassets in Resources */ = {isa = PBXBuildFile; fileRef = EE6BA6A91E6B249D004DD754 /* Assets.xcassets */; };
		EE6BA6AD1E6B249D004DD754 /* LaunchScreen.storyboard in Resources */ = {isa = PBXBuildFile; fileRef = EE6BA6AB1E6B249D004DD754 /* LaunchScreen.storyboard */; };
		EE6BA6B81E6B249E004DD754 /* FiniteStateMachinesTests.swift in Sources */ = {isa = PBXBuildFile; fileRef = EE6BA6B71E6B249E004DD754 /* FiniteStateMachinesTests.swift */; };
		EE6BA6CA1E6B2735004DD754 /* turnstyle_photo.jpg in Resources */ = {isa = PBXBuildFile; fileRef = EE6BA6C91E6B2735004DD754 /* turnstyle_photo.jpg */; };
		EE6BA6CC1E6B29AF004DD754 /* ViewModel.swift in Sources */ = {isa = PBXBuildFile; fileRef = EE6BA6CB1E6B29AF004DD754 /* ViewModel.swift */; };
		FAEA09E38FE66A2CAA9B608B /* Pods_FiniteStateMachines.framework in Frameworks */ = {isa = PBXBuildFile; fileRef = 393F15D32F35E591C1C6D072 /* Pods_FiniteStateMachines.framework */; };
/* End PBXBuildFile section */

/* Begin PBXContainerItemProxy section */
		EE6BA6B41E6B249E004DD754 /* PBXContainerItemProxy */ = {
			isa = PBXContainerItemProxy;
			containerPortal = EE6BA6971E6B249D004DD754 /* Project object */;
			proxyType = 1;
			remoteGlobalIDString = EE6BA69E1E6B249D004DD754;
			remoteInfo = FiniteStateMachines;
		};
/* End PBXContainerItemProxy section */

/* Begin PBXFileReference section */
		089D35FC7485CC834745F5EF /* Pods-FiniteStateMachines.release.xcconfig */ = {isa = PBXFileReference; includeInIndex = 1; lastKnownFileType = text.xcconfig; name = "Pods-FiniteStateMachines.release.xcconfig"; path = "Pods/Target Support Files/Pods-FiniteStateMachines/Pods-FiniteStateMachines.release.xcconfig"; sourceTree = "<group>"; };
		2AEF1A9AB92FDB4FA97B4412 /* Pods-FiniteStateMachinesTests.release.xcconfig */ = {isa = PBXFileReference; includeInIndex = 1; lastKnownFileType = text.xcconfig; name = "Pods-FiniteStateMachinesTests.release.xcconfig"; path = "Pods/Target Support Files/Pods-FiniteStateMachinesTests/Pods-FiniteStateMachinesTests.release.xcconfig"; sourceTree = "<group>"; };
		393F15D32F35E591C1C6D072 /* Pods_FiniteStateMachines.framework */ = {isa = PBXFileReference; explicitFileType = wrapper.framework; includeInIndex = 0; path = Pods_FiniteStateMachines.framework; sourceTree = BUILT_PRODUCTS_DIR; };
		69538D14256FBCE39C80E724 /* Pods-FiniteStateMachinesTests.debug.xcconfig */ = {isa = PBXFileReference; includeInIndex = 1; lastKnownFileType = text.xcconfig; name = "Pods-FiniteStateMachinesTests.debug.xcconfig"; path = "Pods/Target Support Files/Pods-FiniteStateMachinesTests/Pods-FiniteStateMachinesTests.debug.xcconfig"; sourceTree = "<group>"; };
		922E10E8B228C589454907DC /* Pods-FiniteStateMachines.debug.xcconfig */ = {isa = PBXFileReference; includeInIndex = 1; lastKnownFileType = text.xcconfig; name = "Pods-FiniteStateMachines.debug.xcconfig"; path = "Pods/Target Support Files/Pods-FiniteStateMachines/Pods-FiniteStateMachines.debug.xcconfig"; sourceTree = "<group>"; };
		AE01E48A0E75C48114EF4DAE /* Pods_FiniteStateMachinesTests.framework */ = {isa = PBXFileReference; explicitFileType = wrapper.framework; includeInIndex = 0; path = Pods_FiniteStateMachinesTests.framework; sourceTree = BUILT_PRODUCTS_DIR; };
		EE6BA69F1E6B249D004DD754 /* FiniteStateMachines.app */ = {isa = PBXFileReference; explicitFileType = wrapper.application; includeInIndex = 0; path = FiniteStateMachines.app; sourceTree = BUILT_PRODUCTS_DIR; };
		EE6BA6A21E6B249D004DD754 /* AppDelegate.swift */ = {isa = PBXFileReference; lastKnownFileType = sourcecode.swift; path = AppDelegate.swift; sourceTree = "<group>"; };
		EE6BA6A41E6B249D004DD754 /* ViewController.swift */ = {isa = PBXFileReference; lastKnownFileType = sourcecode.swift; path = ViewController.swift; sourceTree = "<group>"; };
		EE6BA6A71E6B249D004DD754 /* Base */ = {isa = PBXFileReference; lastKnownFileType = file.storyboard; name = Base; path = Base.lproj/Main.storyboard; sourceTree = "<group>"; };
		EE6BA6A91E6B249D004DD754 /* Assets.xcassets */ = {isa = PBXFileReference; lastKnownFileType = folder.assetcatalog; path = Assets.xcassets; sourceTree = "<group>"; };
		EE6BA6AC1E6B249D004DD754 /* Base */ = {isa = PBXFileReference; lastKnownFileType = file.storyboard; name = Base; path = Base.lproj/LaunchScreen.storyboard; sourceTree = "<group>"; };
		EE6BA6AE1E6B249D004DD754 /* Info.plist */ = {isa = PBXFileReference; lastKnownFileType = text.plist.xml; path = Info.plist; sourceTree = "<group>"; };
		EE6BA6B31E6B249E004DD754 /* FiniteStateMachinesTests.xctest */ = {isa = PBXFileReference; explicitFileType = wrapper.cfbundle; includeInIndex = 0; path = FiniteStateMachinesTests.xctest; sourceTree = BUILT_PRODUCTS_DIR; };
		EE6BA6B71E6B249E004DD754 /* FiniteStateMachinesTests.swift */ = {isa = PBXFileReference; lastKnownFileType = sourcecode.swift; path = FiniteStateMachinesTests.swift; sourceTree = "<group>"; };
		EE6BA6B91E6B249E004DD754 /* Info.plist */ = {isa = PBXFileReference; lastKnownFileType = text.plist.xml; path = Info.plist; sourceTree = "<group>"; };
		EE6BA6C91E6B2735004DD754 /* turnstyle_photo.jpg */ = {isa = PBXFileReference; lastKnownFileType = image.jpeg; path = turnstyle_photo.jpg; sourceTree = "<group>"; };
		EE6BA6CB1E6B29AF004DD754 /* ViewModel.swift */ = {isa = PBXFileReference; fileEncoding = 4; lastKnownFileType = sourcecode.swift; path = ViewModel.swift; sourceTree = "<group>"; };
/* End PBXFileReference section */

/* Begin PBXFrameworksBuildPhase section */
		EE6BA69C1E6B249D004DD754 /* Frameworks */ = {
			isa = PBXFrameworksBuildPhase;
			buildActionMask = 2147483647;
			files = (
				FAEA09E38FE66A2CAA9B608B /* Pods_FiniteStateMachines.framework in Frameworks */,
			);
			runOnlyForDeploymentPostprocessing = 0;
		};
		EE6BA6B01E6B249E004DD754 /* Frameworks */ = {
			isa = PBXFrameworksBuildPhase;
			buildActionMask = 2147483647;
			files = (
				20EC3DBA930B4E60AF3909AC /* Pods_FiniteStateMachinesTests.framework in Frameworks */,
			);
			runOnlyForDeploymentPostprocessing = 0;
		};
/* End PBXFrameworksBuildPhase section */

/* Begin PBXGroup section */
		507B7F17FECFF531010806DD /* Pods */ = {
			isa = PBXGroup;
			children = (
				922E10E8B228C589454907DC /* Pods-FiniteStateMachines.debug.xcconfig */,
				089D35FC7485CC834745F5EF /* Pods-FiniteStateMachines.release.xcconfig */,
				69538D14256FBCE39C80E724 /* Pods-FiniteStateMachinesTests.debug.xcconfig */,
				2AEF1A9AB92FDB4FA97B4412 /* Pods-FiniteStateMachinesTests.release.xcconfig */,
			);
			name = Pods;
			sourceTree = "<group>";
		};
		5FDDB280765178299B92934F /* Frameworks */ = {
			isa = PBXGroup;
			children = (
				393F15D32F35E591C1C6D072 /* Pods_FiniteStateMachines.framework */,
				AE01E48A0E75C48114EF4DAE /* Pods_FiniteStateMachinesTests.framework */,
			);
			name = Frameworks;
			sourceTree = "<group>";
		};
		EE6BA6961E6B249D004DD754 = {
			isa = PBXGroup;
			children = (
				EE6BA6A11E6B249D004DD754 /* FiniteStateMachines */,
				EE6BA6B61E6B249E004DD754 /* FiniteStateMachinesTests */,
				EE6BA6A01E6B249D004DD754 /* Products */,
				507B7F17FECFF531010806DD /* Pods */,
				5FDDB280765178299B92934F /* Frameworks */,
			);
			sourceTree = "<group>";
		};
		EE6BA6A01E6B249D004DD754 /* Products */ = {
			isa = PBXGroup;
			children = (
				EE6BA69F1E6B249D004DD754 /* FiniteStateMachines.app */,
				EE6BA6B31E6B249E004DD754 /* FiniteStateMachinesTests.xctest */,
			);
			name = Products;
			sourceTree = "<group>";
		};
		EE6BA6A11E6B249D004DD754 /* FiniteStateMachines */ = {
			isa = PBXGroup;
			children = (
				EE6BA6C81E6B2735004DD754 /* Assets */,
				EE6BA6A21E6B249D004DD754 /* AppDelegate.swift */,
				EE6BA6A41E6B249D004DD754 /* ViewController.swift */,
				EE6BA6CB1E6B29AF004DD754 /* ViewModel.swift */,
				EE6BA6A61E6B249D004DD754 /* Main.storyboard */,
				EE6BA6A91E6B249D004DD754 /* Assets.xcassets */,
				EE6BA6AB1E6B249D004DD754 /* LaunchScreen.storyboard */,
				EE6BA6AE1E6B249D004DD754 /* Info.plist */,
			);
			path = FiniteStateMachines;
			sourceTree = "<group>";
		};
		EE6BA6B61E6B249E004DD754 /* FiniteStateMachinesTests */ = {
			isa = PBXGroup;
			children = (
				EE6BA6B71E6B249E004DD754 /* FiniteStateMachinesTests.swift */,
				EE6BA6B91E6B249E004DD754 /* Info.plist */,
			);
			path = FiniteStateMachinesTests;
			sourceTree = "<group>";
		};
		EE6BA6C81E6B2735004DD754 /* Assets */ = {
			isa = PBXGroup;
			children = (
				EE6BA6C91E6B2735004DD754 /* turnstyle_photo.jpg */,
			);
			path = Assets;
			sourceTree = "<group>";
		};
/* End PBXGroup section */

/* Begin PBXNativeTarget section */
		EE6BA69E1E6B249D004DD754 /* FiniteStateMachines */ = {
			isa = PBXNativeTarget;
			buildConfigurationList = EE6BA6BC1E6B249E004DD754 /* Build configuration list for PBXNativeTarget "FiniteStateMachines" */;
			buildPhases = (
				BBAECB7D32A6A13886607FCE /* [CP] Check Pods Manifest.lock */,
				EE6BA69B1E6B249D004DD754 /* Sources */,
				EE6BA69C1E6B249D004DD754 /* Frameworks */,
				EE6BA69D1E6B249D004DD754 /* Resources */,
				775C23D9EDA62F2DD263E6D1 /* [CP] Embed Pods Frameworks */,
				4E45EE2CB52165C1C8C84467 /* [CP] Copy Pods Resources */,
			);
			buildRules = (
			);
			dependencies = (
			);
			name = FiniteStateMachines;
			productName = FiniteStateMachines;
			productReference = EE6BA69F1E6B249D004DD754 /* FiniteStateMachines.app */;
			productType = "com.apple.product-type.application";
		};
		EE6BA6B21E6B249E004DD754 /* FiniteStateMachinesTests */ = {
			isa = PBXNativeTarget;
			buildConfigurationList = EE6BA6BF1E6B249E004DD754 /* Build configuration list for PBXNativeTarget "FiniteStateMachinesTests" */;
			buildPhases = (
				FB7F9719621A747A2933B0C2 /* [CP] Check Pods Manifest.lock */,
				EE6BA6AF1E6B249E004DD754 /* Sources */,
				EE6BA6B01E6B249E004DD754 /* Frameworks */,
				EE6BA6B11E6B249E004DD754 /* Resources */,
				243C11A31F51C0932CB58A57 /* [CP] Embed Pods Frameworks */,
				8303F7CCBD76D8FEC4D5FD9F /* [CP] Copy Pods Resources */,
			);
			buildRules = (
			);
			dependencies = (
				EE6BA6B51E6B249E004DD754 /* PBXTargetDependency */,
			);
			name = FiniteStateMachinesTests;
			productName = FiniteStateMachinesTests;
			productReference = EE6BA6B31E6B249E004DD754 /* FiniteStateMachinesTests.xctest */;
			productType = "com.apple.product-type.bundle.unit-test";
		};
/* End PBXNativeTarget section */

/* Begin PBXProject section */
		EE6BA6971E6B249D004DD754 /* Project object */ = {
			isa = PBXProject;
			attributes = {
				LastSwiftUpdateCheck = 0820;
				LastUpgradeCheck = 0820;
				ORGANIZATIONNAME = "Alien Robot Overlords, Inc.";
				TargetAttributes = {
					EE6BA69E1E6B249D004DD754 = {
						CreatedOnToolsVersion = 8.2.1;
						DevelopmentTeam = X789VRV5M6;
						ProvisioningStyle = Automatic;
					};
					EE6BA6B21E6B249E004DD754 = {
						CreatedOnToolsVersion = 8.2.1;
						DevelopmentTeam = X789VRV5M6;
						ProvisioningStyle = Automatic;
						TestTargetID = EE6BA69E1E6B249D004DD754;
					};
				};
			};
			buildConfigurationList = EE6BA69A1E6B249D004DD754 /* Build configuration list for PBXProject "FiniteStateMachines" */;
			compatibilityVersion = "Xcode 3.2";
			developmentRegion = English;
			hasScannedForEncodings = 0;
			knownRegions = (
				en,
				Base,
			);
			mainGroup = EE6BA6961E6B249D004DD754;
			productRefGroup = EE6BA6A01E6B249D004DD754 /* Products */;
			projectDirPath = "";
			projectRoot = "";
			targets = (
				EE6BA69E1E6B249D004DD754 /* FiniteStateMachines */,
				EE6BA6B21E6B249E004DD754 /* FiniteStateMachinesTests */,
			);
		};
/* End PBXProject section */

/* Begin PBXResourcesBuildPhase section */
		EE6BA69D1E6B249D004DD754 /* Resources */ = {
			isa = PBXResourcesBuildPhase;
			buildActionMask = 2147483647;
			files = (
				EE6BA6AD1E6B249D004DD754 /* LaunchScreen.storyboard in Resources */,
				EE6BA6CA1E6B2735004DD754 /* turnstyle_photo.jpg in Resources */,
				EE6BA6AA1E6B249D004DD754 /* Assets.xcassets in Resources */,
				EE6BA6A81E6B249D004DD754 /* Main.storyboard in Resources */,
			);
			runOnlyForDeploymentPostprocessing = 0;
		};
		EE6BA6B11E6B249E004DD754 /* Resources */ = {
			isa = PBXResourcesBuildPhase;
			buildActionMask = 2147483647;
			files = (
			);
			runOnlyForDeploymentPostprocessing = 0;
		};
/* End PBXResourcesBuildPhase section */

/* Begin PBXShellScriptBuildPhase section */
		243C11A31F51C0932CB58A57 /* [CP] Embed Pods Frameworks */ = {
			isa = PBXShellScriptBuildPhase;
			buildActionMask = 2147483647;
			files = (
			);
			inputPaths = (
			);
			name = "[CP] Embed Pods Frameworks";
			outputPaths = (
			);
			runOnlyForDeploymentPostprocessing = 0;
			shellPath = /bin/sh;
			shellScript = "\"${SRCROOT}/Pods/Target Support Files/Pods-FiniteStateMachinesTests/Pods-FiniteStateMachinesTests-frameworks.sh\"\n";
			showEnvVarsInLog = 0;
		};
		4E45EE2CB52165C1C8C84467 /* [CP] Copy Pods Resources */ = {
			isa = PBXShellScriptBuildPhase;
			buildActionMask = 2147483647;
			files = (
			);
			inputPaths = (
			);
			name = "[CP] Copy Pods Resources";
			outputPaths = (
			);
			runOnlyForDeploymentPostprocessing = 0;
			shellPath = /bin/sh;
			shellScript = "\"${SRCROOT}/Pods/Target Support Files/Pods-FiniteStateMachines/Pods-FiniteStateMachines-resources.sh\"\n";
			showEnvVarsInLog = 0;
		};
		775C23D9EDA62F2DD263E6D1 /* [CP] Embed Pods Frameworks */ = {
			isa = PBXShellScriptBuildPhase;
			buildActionMask = 2147483647;
			files = (
			);
			inputPaths = (
			);
			name = "[CP] Embed Pods Frameworks";
			outputPaths = (
			);
			runOnlyForDeploymentPostprocessing = 0;
			shellPath = /bin/sh;
			shellScript = "\"${SRCROOT}/Pods/Target Support Files/Pods-FiniteStateMachines/Pods-FiniteStateMachines-frameworks.sh\"\n";
			showEnvVarsInLog = 0;
		};
		8303F7CCBD76D8FEC4D5FD9F /* [CP] Copy Pods Resources */ = {
			isa = PBXShellScriptBuildPhase;
			buildActionMask = 2147483647;
			files = (
			);
			inputPaths = (
			);
			name = "[CP] Copy Pods Resources";
			outputPaths = (
			);
			runOnlyForDeploymentPostprocessing = 0;
			shellPath = /bin/sh;
			shellScript = "\"${SRCROOT}/Pods/Target Support Files/Pods-FiniteStateMachinesTests/Pods-FiniteStateMachinesTests-resources.sh\"\n";
			showEnvVarsInLog = 0;
		};
		BBAECB7D32A6A13886607FCE /* [CP] Check Pods Manifest.lock */ = {
			isa = PBXShellScriptBuildPhase;
			buildActionMask = 2147483647;
			files = (
			);
			inputPaths = (
			);
			name = "[CP] Check Pods Manifest.lock";
			outputPaths = (
			);
			runOnlyForDeploymentPostprocessing = 0;
			shellPath = /bin/sh;
			shellScript = "diff \"${PODS_ROOT}/../Podfile.lock\" \"${PODS_ROOT}/Manifest.lock\" > /dev/null\nif [ $? != 0 ] ; then\n    # print error to STDERR\n    echo \"error: The sandbox is not in sync with the Podfile.lock. Run 'pod install' or update your CocoaPods installation.\" >&2\n    exit 1\nfi\n";
			showEnvVarsInLog = 0;
		};
		FB7F9719621A747A2933B0C2 /* [CP] Check Pods Manifest.lock */ = {
			isa = PBXShellScriptBuildPhase;
			buildActionMask = 2147483647;
			files = (
			);
			inputPaths = (
			);
			name = "[CP] Check Pods Manifest.lock";
			outputPaths = (
			);
			runOnlyForDeploymentPostprocessing = 0;
			shellPath = /bin/sh;
			shellScript = "diff \"${PODS_ROOT}/../Podfile.lock\" \"${PODS_ROOT}/Manifest.lock\" > /dev/null\nif [ $? != 0 ] ; then\n    # print error to STDERR\n    echo \"error: The sandbox is not in sync with the Podfile.lock. Run 'pod install' or update your CocoaPods installation.\" >&2\n    exit 1\nfi\n";
			showEnvVarsInLog = 0;
		};
/* End PBXShellScriptBuildPhase section */

/* Begin PBXSourcesBuildPhase section */
		EE6BA69B1E6B249D004DD754 /* Sources */ = {
			isa = PBXSourcesBuildPhase;
			buildActionMask = 2147483647;
			files = (
				EE6BA6A51E6B249D004DD754 /* ViewController.swift in Sources */,
				EE6BA6CC1E6B29AF004DD754 /* ViewModel.swift in Sources */,
				EE6BA6A31E6B249D004DD754 /* AppDelegate.swift in Sources */,
			);
			runOnlyForDeploymentPostprocessing = 0;
		};
		EE6BA6AF1E6B249E004DD754 /* Sources */ = {
			isa = PBXSourcesBuildPhase;
			buildActionMask = 2147483647;
			files = (
				EE6BA6B81E6B249E004DD754 /* FiniteStateMachinesTests.swift in Sources */,
			);
			runOnlyForDeploymentPostprocessing = 0;
		};
/* End PBXSourcesBuildPhase section */

/* Begin PBXTargetDependency section */
		EE6BA6B51E6B249E004DD754 /* PBXTargetDependency */ = {
			isa = PBXTargetDependency;
			target = EE6BA69E1E6B249D004DD754 /* FiniteStateMachines */;
			targetProxy = EE6BA6B41E6B249E004DD754 /* PBXContainerItemProxy */;
		};
/* End PBXTargetDependency section */

/* Begin PBXVariantGroup section */
		EE6BA6A61E6B249D004DD754 /* Main.storyboard */ = {
			isa = PBXVariantGroup;
			children = (
				EE6BA6A71E6B249D004DD754 /* Base */,
			);
			name = Main.storyboard;
			sourceTree = "<group>";
		};
		EE6BA6AB1E6B249D004DD754 /* LaunchScreen.storyboard */ = {
			isa = PBXVariantGroup;
			children = (
				EE6BA6AC1E6B249D004DD754 /* Base */,
			);
			name = LaunchScreen.storyboard;
			sourceTree = "<group>";
		};
/* End PBXVariantGroup section */

/* Begin XCBuildConfiguration section */
		EE6BA6BA1E6B249E004DD754 /* Debug */ = {
			isa = XCBuildConfiguration;
			buildSettings = {
				ALWAYS_SEARCH_USER_PATHS = NO;
				CLANG_ANALYZER_NONNULL = YES;
				CLANG_CXX_LANGUAGE_STANDARD = "gnu++0x";
				CLANG_CXX_LIBRARY = "libc++";
				CLANG_ENABLE_MODULES = YES;
				CLANG_ENABLE_OBJC_ARC = YES;
				CLANG_WARN_BOOL_CONVERSION = YES;
				CLANG_WARN_CONSTANT_CONVERSION = YES;
				CLANG_WARN_DIRECT_OBJC_ISA_USAGE = YES_ERROR;
				CLANG_WARN_DOCUMENTATION_COMMENTS = YES;
				CLANG_WARN_EMPTY_BODY = YES;
				CLANG_WARN_ENUM_CONVERSION = YES;
				CLANG_WARN_INFINITE_RECURSION = YES;
				CLANG_WARN_INT_CONVERSION = YES;
				CLANG_WARN_OBJC_ROOT_CLASS = YES_ERROR;
				CLANG_WARN_SUSPICIOUS_MOVE = YES;
				CLANG_WARN_UNREACHABLE_CODE = YES;
				CLANG_WARN__DUPLICATE_METHOD_MATCH = YES;
				"CODE_SIGN_IDENTITY[sdk=iphoneos*]" = "iPhone Developer";
				COPY_PHASE_STRIP = NO;
				DEBUG_INFORMATION_FORMAT = dwarf;
				ENABLE_STRICT_OBJC_MSGSEND = YES;
				ENABLE_TESTABILITY = YES;
				GCC_C_LANGUAGE_STANDARD = gnu99;
				GCC_DYNAMIC_NO_PIC = NO;
				GCC_NO_COMMON_BLOCKS = YES;
				GCC_OPTIMIZATION_LEVEL = 0;
				GCC_PREPROCESSOR_DEFINITIONS = (
					"DEBUG=1",
					"$(inherited)",
				);
				GCC_WARN_64_TO_32_BIT_CONVERSION = YES;
				GCC_WARN_ABOUT_RETURN_TYPE = YES_ERROR;
				GCC_WARN_UNDECLARED_SELECTOR = YES;
				GCC_WARN_UNINITIALIZED_AUTOS = YES_AGGRESSIVE;
				GCC_WARN_UNUSED_FUNCTION = YES;
				GCC_WARN_UNUSED_VARIABLE = YES;
				IPHONEOS_DEPLOYMENT_TARGET = 10.2;
				MTL_ENABLE_DEBUG_INFO = YES;
				ONLY_ACTIVE_ARCH = YES;
				SDKROOT = iphoneos;
				SWIFT_ACTIVE_COMPILATION_CONDITIONS = DEBUG;
				SWIFT_OPTIMIZATION_LEVEL = "-Onone";
			};
			name = Debug;
		};
		EE6BA6BB1E6B249E004DD754 /* Release */ = {
			isa = XCBuildConfiguration;
			buildSettings = {
				ALWAYS_SEARCH_USER_PATHS = NO;
				CLANG_ANALYZER_NONNULL = YES;
				CLANG_CXX_LANGUAGE_STANDARD = "gnu++0x";
				CLANG_CXX_LIBRARY = "libc++";
				CLANG_ENABLE_MODULES = YES;
				CLANG_ENABLE_OBJC_ARC = YES;
				CLANG_WARN_BOOL_CONVERSION = YES;
				CLANG_WARN_CONSTANT_CONVERSION = YES;
				CLANG_WARN_DIRECT_OBJC_ISA_USAGE = YES_ERROR;
				CLANG_WARN_DOCUMENTATION_COMMENTS = YES;
				CLANG_WARN_EMPTY_BODY = YES;
				CLANG_WARN_ENUM_CONVERSION = YES;
				CLANG_WARN_INFINITE_RECURSION = YES;
				CLANG_WARN_INT_CONVERSION = YES;
				CLANG_WARN_OBJC_ROOT_CLASS = YES_ERROR;
				CLANG_WARN_SUSPICIOUS_MOVE = YES;
				CLANG_WARN_UNREACHABLE_CODE = YES;
				CLANG_WARN__DUPLICATE_METHOD_MATCH = YES;
				"CODE_SIGN_IDENTITY[sdk=iphoneos*]" = "iPhone Developer";
				COPY_PHASE_STRIP = NO;
				DEBUG_INFORMATION_FORMAT = "dwarf-with-dsym";
				ENABLE_NS_ASSERTIONS = NO;
				ENABLE_STRICT_OBJC_MSGSEND = YES;
				GCC_C_LANGUAGE_STANDARD = gnu99;
				GCC_NO_COMMON_BLOCKS = YES;
				GCC_WARN_64_TO_32_BIT_CONVERSION = YES;
				GCC_WARN_ABOUT_RETURN_TYPE = YES_ERROR;
				GCC_WARN_UNDECLARED_SELECTOR = YES;
				GCC_WARN_UNINITIALIZED_AUTOS = YES_AGGRESSIVE;
				GCC_WARN_UNUSED_FUNCTION = YES;
				GCC_WARN_UNUSED_VARIABLE = YES;
				IPHONEOS_DEPLOYMENT_TARGET = 10.2;
				MTL_ENABLE_DEBUG_INFO = NO;
				SDKROOT = iphoneos;
				SWIFT_OPTIMIZATION_LEVEL = "-Owholemodule";
				VALIDATE_PRODUCT = YES;
			};
			name = Release;
		};
		EE6BA6BD1E6B249E004DD754 /* Debug */ = {
			isa = XCBuildConfiguration;
			baseConfigurationReference = 922E10E8B228C589454907DC /* Pods-FiniteStateMachines.debug.xcconfig */;
			buildSettings = {
				ASSETCATALOG_COMPILER_APPICON_NAME = AppIcon;
				DEVELOPMENT_TEAM = X789VRV5M6;
				INFOPLIST_FILE = FiniteStateMachines/Info.plist;
				LD_RUNPATH_SEARCH_PATHS = "$(inherited) @executable_path/Frameworks";
				PRODUCT_BUNDLE_IDENTIFIER = com.alienrobotoverlords.FiniteStateMachines;
				PRODUCT_NAME = "$(TARGET_NAME)";
				SWIFT_VERSION = 3.0;
			};
			name = Debug;
		};
		EE6BA6BE1E6B249E004DD754 /* Release */ = {
			isa = XCBuildConfiguration;
			baseConfigurationReference = 089D35FC7485CC834745F5EF /* Pods-FiniteStateMachines.release.xcconfig */;
			buildSettings = {
				ASSETCATALOG_COMPILER_APPICON_NAME = AppIcon;
				DEVELOPMENT_TEAM = X789VRV5M6;
				INFOPLIST_FILE = FiniteStateMachines/Info.plist;
				LD_RUNPATH_SEARCH_PATHS = "$(inherited) @executable_path/Frameworks";
				PRODUCT_BUNDLE_IDENTIFIER = com.alienrobotoverlords.FiniteStateMachines;
				PRODUCT_NAME = "$(TARGET_NAME)";
				SWIFT_VERSION = 3.0;
			};
			name = Release;
		};
		EE6BA6C01E6B249E004DD754 /* Debug */ = {
			isa = XCBuildConfiguration;
			baseConfigurationReference = 69538D14256FBCE39C80E724 /* Pods-FiniteStateMachinesTests.debug.xcconfig */;
			buildSettings = {
				ALWAYS_EMBED_SWIFT_STANDARD_LIBRARIES = YES;
				BUNDLE_LOADER = "$(TEST_HOST)";
				DEVELOPMENT_TEAM = X789VRV5M6;
				INFOPLIST_FILE = FiniteStateMachinesTests/Info.plist;
				LD_RUNPATH_SEARCH_PATHS = "$(inherited) @executable_path/Frameworks @loader_path/Frameworks";
				PRODUCT_BUNDLE_IDENTIFIER = com.alienrobotoverlords.FiniteStateMachinesTests;
				PRODUCT_NAME = "$(TARGET_NAME)";
				SWIFT_VERSION = 3.0;
				TEST_HOST = "$(BUILT_PRODUCTS_DIR)/FiniteStateMachines.app/FiniteStateMachines";
			};
			name = Debug;
		};
		EE6BA6C11E6B249E004DD754 /* Release */ = {
			isa = XCBuildConfiguration;
			baseConfigurationReference = 2AEF1A9AB92FDB4FA97B4412 /* Pods-FiniteStateMachinesTests.release.xcconfig */;
			buildSettings = {
				ALWAYS_EMBED_SWIFT_STANDARD_LIBRARIES = YES;
				BUNDLE_LOADER = "$(TEST_HOST)";
				DEVELOPMENT_TEAM = X789VRV5M6;
				INFOPLIST_FILE = FiniteStateMachinesTests/Info.plist;
				LD_RUNPATH_SEARCH_PATHS = "$(inherited) @executable_path/Frameworks @loader_path/Frameworks";
				PRODUCT_BUNDLE_IDENTIFIER = com.alienrobotoverlords.FiniteStateMachinesTests;
				PRODUCT_NAME = "$(TARGET_NAME)";
				SWIFT_VERSION = 3.0;
				TEST_HOST = "$(BUILT_PRODUCTS_DIR)/FiniteStateMachines.app/FiniteStateMachines";
			};
			name = Release;
		};
/* End XCBuildConfiguration section */

/* Begin XCConfigurationList section */
		EE6BA69A1E6B249D004DD754 /* Build configuration list for PBXProject "FiniteStateMachines" */ = {
			isa = XCConfigurationList;
			buildConfigurations = (
				EE6BA6BA1E6B249E004DD754 /* Debug */,
				EE6BA6BB1E6B249E004DD754 /* Release */,
			);
			defaultConfigurationIsVisible = 0;
			defaultConfigurationName = Release;
		};
		EE6BA6BC1E6B249E004DD754 /* Build configuration list for PBXNativeTarget "FiniteStateMachines" */ = {
			isa = XCConfigurationList;
			buildConfigurations = (
				EE6BA6BD1E6B249E004DD754 /* Debug */,
				EE6BA6BE1E6B249E004DD754 /* Release */,
			);
			defaultConfigurationIsVisible = 0;
			defaultConfigurationName = Release;
		};
		EE6BA6BF1E6B249E004DD754 /* Build configuration list for PBXNativeTarget "FiniteStateMachinesTests" */ = {
			isa = XCConfigurationList;
			buildConfigurations = (
				EE6BA6C01E6B249E004DD754 /* Debug */,
				EE6BA6C11E6B249E004DD754 /* Release */,
			);
			defaultConfigurationIsVisible = 0;
			defaultConfigurationName = Release;
		};
/* End XCConfigurationList section */
	};
	rootObject = EE6BA6971E6B249D004DD754 /* Project object */;
}
